// !$*UTF8*$!
{
	archiveVersion = 1;
	classes = {
	};
	objectVersion = 56;
	objects = {

/* Begin PBXBuildFile section */
		F504FB1929F2C77E00E58C11 /* MainTableViewCell.swift in Sources */ = {isa = PBXBuildFile; fileRef = F504FB1829F2C77E00E58C11 /* MainTableViewCell.swift */; };
		F54C0DB629F67AC500E2D1E9 /* AddCurrencyTableVC.swift in Sources */ = {isa = PBXBuildFile; fileRef = F54C0DB529F67AC500E2D1E9 /* AddCurrencyTableVC.swift */; };
		F54C0DB829F6C69400E2D1E9 /* Currency.swift in Sources */ = {isa = PBXBuildFile; fileRef = F54C0DB729F6C69400E2D1E9 /* Currency.swift */; };
		F552E75B29F3FD5B00F652E7 /* Lato-Light.ttf in Resources */ = {isa = PBXBuildFile; fileRef = F552E75129F3FD5B00F652E7 /* Lato-Light.ttf */; };
		F552E75E29F3FD5B00F652E7 /* Lato-Bold.ttf in Resources */ = {isa = PBXBuildFile; fileRef = F552E75429F3FD5B00F652E7 /* Lato-Bold.ttf */; };
		F552E76029F3FD5B00F652E7 /* Lato-Black.ttf in Resources */ = {isa = PBXBuildFile; fileRef = F552E75629F3FD5B00F652E7 /* Lato-Black.ttf */; };
		F552E76629F42DF200F652E7 /* Lato-Regular.ttf in Resources */ = {isa = PBXBuildFile; fileRef = F552E76529F42D9D00F652E7 /* Lato-Regular.ttf */; };
		F5A370AC29F13D790066BFBD /* MainWindowView.swift in Sources */ = {isa = PBXBuildFile; fileRef = F5A370AB29F13D790066BFBD /* MainWindowView.swift */; };
		F5ADFA4B29F96249004C539D /* CurrenciesData.swift in Sources */ = {isa = PBXBuildFile; fileRef = F5ADFA4A29F96249004C539D /* CurrenciesData.swift */; };
		F5ADFA4D29F96C2A004C539D /* CurrencyNetworkManager.swift in Sources */ = {isa = PBXBuildFile; fileRef = F5ADFA4C29F96C2A004C539D /* CurrencyNetworkManager.swift */; };
		F5ADFA4F29F96C8B004C539D /* Constants.swift in Sources */ = {isa = PBXBuildFile; fileRef = F5ADFA4E29F96C8B004C539D /* Constants.swift */; };
		F5AE859B29F0209800A1B4E0 /* AppDelegate.swift in Sources */ = {isa = PBXBuildFile; fileRef = F5AE859A29F0209800A1B4E0 /* AppDelegate.swift */; };
		F5AE859D29F0209800A1B4E0 /* SceneDelegate.swift in Sources */ = {isa = PBXBuildFile; fileRef = F5AE859C29F0209800A1B4E0 /* SceneDelegate.swift */; };
		F5AE859F29F0209800A1B4E0 /* MainViewController.swift in Sources */ = {isa = PBXBuildFile; fileRef = F5AE859E29F0209800A1B4E0 /* MainViewController.swift */; };
		F5AE85A229F0209800A1B4E0 /* Main.storyboard in Resources */ = {isa = PBXBuildFile; fileRef = F5AE85A029F0209800A1B4E0 /* Main.storyboard */; };
		F5AE85A429F0209900A1B4E0 /* Assets.xcassets in Resources */ = {isa = PBXBuildFile; fileRef = F5AE85A329F0209900A1B4E0 /* Assets.xcassets */; };
		F5AE85A729F0209900A1B4E0 /* LaunchScreen.storyboard in Resources */ = {isa = PBXBuildFile; fileRef = F5AE85A529F0209900A1B4E0 /* LaunchScreen.storyboard */; };
		F5AE85AF29F020D400A1B4E0 /* .gitignore in Resources */ = {isa = PBXBuildFile; fileRef = F5AE85AE29F020D400A1B4E0 /* .gitignore */; };
		F5AE85B729F0412F00A1B4E0 /* EllipseView.swift in Sources */ = {isa = PBXBuildFile; fileRef = F5AE85B629F0412F00A1B4E0 /* EllipseView.swift */; };
/* End PBXBuildFile section */

/* Begin PBXFileReference section */
		F504FB1829F2C77E00E58C11 /* MainTableViewCell.swift */ = {isa = PBXFileReference; lastKnownFileType = sourcecode.swift; path = MainTableViewCell.swift; sourceTree = "<group>"; };
		F54C0DB529F67AC500E2D1E9 /* AddCurrencyTableVC.swift */ = {isa = PBXFileReference; lastKnownFileType = sourcecode.swift; path = AddCurrencyTableVC.swift; sourceTree = "<group>"; };
		F54C0DB729F6C69400E2D1E9 /* Currency.swift */ = {isa = PBXFileReference; lastKnownFileType = sourcecode.swift; path = Currency.swift; sourceTree = "<group>"; };
		F552E75129F3FD5B00F652E7 /* Lato-Light.ttf */ = {isa = PBXFileReference; lastKnownFileType = file; name = "Lato-Light.ttf"; path = "Fonts/Lato-Light.ttf"; sourceTree = "<group>"; };
		F552E75429F3FD5B00F652E7 /* Lato-Bold.ttf */ = {isa = PBXFileReference; lastKnownFileType = file; name = "Lato-Bold.ttf"; path = "Fonts/Lato-Bold.ttf"; sourceTree = "<group>"; };
		F552E75629F3FD5B00F652E7 /* Lato-Black.ttf */ = {isa = PBXFileReference; lastKnownFileType = file; name = "Lato-Black.ttf"; path = "Fonts/Lato-Black.ttf"; sourceTree = "<group>"; };
		F552E76529F42D9D00F652E7 /* Lato-Regular.ttf */ = {isa = PBXFileReference; lastKnownFileType = file; name = "Lato-Regular.ttf"; path = "Fonts/Lato-Regular.ttf"; sourceTree = "<group>"; };
		F5A370AB29F13D790066BFBD /* MainWindowView.swift */ = {isa = PBXFileReference; lastKnownFileType = sourcecode.swift; path = MainWindowView.swift; sourceTree = "<group>"; };
		F5ADFA4A29F96249004C539D /* CurrenciesData.swift */ = {isa = PBXFileReference; lastKnownFileType = sourcecode.swift; path = CurrenciesData.swift; sourceTree = "<group>"; };
		F5ADFA4C29F96C2A004C539D /* CurrencyNetworkManager.swift */ = {isa = PBXFileReference; lastKnownFileType = sourcecode.swift; path = CurrencyNetworkManager.swift; sourceTree = "<group>"; };
		F5ADFA4E29F96C8B004C539D /* Constants.swift */ = {isa = PBXFileReference; lastKnownFileType = sourcecode.swift; path = Constants.swift; sourceTree = "<group>"; };
		F5AE859729F0209800A1B4E0 /* Currency Converter.app */ = {isa = PBXFileReference; explicitFileType = wrapper.application; includeInIndex = 0; path = "Currency Converter.app"; sourceTree = BUILT_PRODUCTS_DIR; };
		F5AE859A29F0209800A1B4E0 /* AppDelegate.swift */ = {isa = PBXFileReference; lastKnownFileType = sourcecode.swift; path = AppDelegate.swift; sourceTree = "<group>"; };
		F5AE859C29F0209800A1B4E0 /* SceneDelegate.swift */ = {isa = PBXFileReference; lastKnownFileType = sourcecode.swift; path = SceneDelegate.swift; sourceTree = "<group>"; };
		F5AE859E29F0209800A1B4E0 /* MainViewController.swift */ = {isa = PBXFileReference; lastKnownFileType = sourcecode.swift; path = MainViewController.swift; sourceTree = "<group>"; };
		F5AE85A129F0209800A1B4E0 /* Base */ = {isa = PBXFileReference; lastKnownFileType = file.storyboard; name = Base; path = Base.lproj/Main.storyboard; sourceTree = "<group>"; };
		F5AE85A329F0209900A1B4E0 /* Assets.xcassets */ = {isa = PBXFileReference; lastKnownFileType = folder.assetcatalog; path = Assets.xcassets; sourceTree = "<group>"; };
		F5AE85A629F0209900A1B4E0 /* Base */ = {isa = PBXFileReference; lastKnownFileType = file.storyboard; name = Base; path = Base.lproj/LaunchScreen.storyboard; sourceTree = "<group>"; };
		F5AE85A829F0209900A1B4E0 /* Info.plist */ = {isa = PBXFileReference; lastKnownFileType = text.plist.xml; path = Info.plist; sourceTree = "<group>"; };
		F5AE85AE29F020D400A1B4E0 /* .gitignore */ = {isa = PBXFileReference; lastKnownFileType = text; path = .gitignore; sourceTree = "<group>"; };
		F5AE85B629F0412F00A1B4E0 /* EllipseView.swift */ = {isa = PBXFileReference; lastKnownFileType = sourcecode.swift; path = EllipseView.swift; sourceTree = "<group>"; };
/* End PBXFileReference section */

/* Begin PBXFrameworksBuildPhase section */
		F5AE859429F0209800A1B4E0 /* Frameworks */ = {
			isa = PBXFrameworksBuildPhase;
			buildActionMask = 2147483647;
			files = (
			);
			runOnlyForDeploymentPostprocessing = 0;
		};
/* End PBXFrameworksBuildPhase section */

/* Begin PBXGroup section */
		F552E75029F3FD1800F652E7 /* Resources */ = {
			isa = PBXGroup;
			children = (
				F5F0ABE329F42F9A00EA6ED4 /* Fonts */,
				F552E75629F3FD5B00F652E7 /* Lato-Black.ttf */,
				F552E75429F3FD5B00F652E7 /* Lato-Bold.ttf */,
				F552E75129F3FD5B00F652E7 /* Lato-Light.ttf */,
				F552E76529F42D9D00F652E7 /* Lato-Regular.ttf */,
				F5AE85A329F0209900A1B4E0 /* Assets.xcassets */,
			);
			path = Resources;
			sourceTree = "<group>";
		};
		F5AE858E29F0209800A1B4E0 = {
			isa = PBXGroup;
			children = (
				F5AE85AE29F020D400A1B4E0 /* .gitignore */,
				F5AE859929F0209800A1B4E0 /* Currency Converter */,
				F5AE859829F0209800A1B4E0 /* Products */,
			);
			sourceTree = "<group>";
		};
		F5AE859829F0209800A1B4E0 /* Products */ = {
			isa = PBXGroup;
			children = (
				F5AE859729F0209800A1B4E0 /* Currency Converter.app */,
			);
			name = Products;
			sourceTree = "<group>";
		};
		F5AE859929F0209800A1B4E0 /* Currency Converter */ = {
			isa = PBXGroup;
			children = (
				F5AE859A29F0209800A1B4E0 /* AppDelegate.swift */,
				F5AE859C29F0209800A1B4E0 /* SceneDelegate.swift */,
				F5AE85B029F0210400A1B4E0 /* Model */,
				F5AE85B129F0210C00A1B4E0 /* View */,
				F5AE85B229F0211200A1B4E0 /* Controller */,
				F5AE85B329F0211900A1B4E0 /* Supporting Files */,
				F552E75029F3FD1800F652E7 /* Resources */,
			);
			path = "Currency Converter";
			sourceTree = "<group>";
		};
		F5AE85B029F0210400A1B4E0 /* Model */ = {
			isa = PBXGroup;
			children = (
				F54C0DB729F6C69400E2D1E9 /* Currency.swift */,
				F5ADFA4A29F96249004C539D /* CurrenciesData.swift */,
				F5ADFA4C29F96C2A004C539D /* CurrencyNetworkManager.swift */,
			);
			path = Model;
			sourceTree = "<group>";
		};
		F5AE85B129F0210C00A1B4E0 /* View */ = {
			isa = PBXGroup;
			children = (
				F5AE85B629F0412F00A1B4E0 /* EllipseView.swift */,
				F5A370AB29F13D790066BFBD /* MainWindowView.swift */,
				F504FB1829F2C77E00E58C11 /* MainTableViewCell.swift */,
			);
			path = View;
			sourceTree = "<group>";
		};
		F5AE85B229F0211200A1B4E0 /* Controller */ = {
			isa = PBXGroup;
			children = (
				F5AE859E29F0209800A1B4E0 /* MainViewController.swift */,
				F54C0DB529F67AC500E2D1E9 /* AddCurrencyTableVC.swift */,
			);
			path = Controller;
			sourceTree = "<group>";
		};
		F5AE85B329F0211900A1B4E0 /* Supporting Files */ = {
			isa = PBXGroup;
			children = (
				F5AE85A029F0209800A1B4E0 /* Main.storyboard */,
				F5AE85A529F0209900A1B4E0 /* LaunchScreen.storyboard */,
				F5ADFA4E29F96C8B004C539D /* Constants.swift */,
				F5AE85A829F0209900A1B4E0 /* Info.plist */,
			);
			path = "Supporting Files";
			sourceTree = "<group>";
		};
		F5F0ABE329F42F9A00EA6ED4 /* Fonts */ = {
			isa = PBXGroup;
			children = (
			);
			path = Fonts;
			sourceTree = "<group>";
		};
/* End PBXGroup section */

/* Begin PBXNativeTarget section */
		F5AE859629F0209800A1B4E0 /* Currency Converter */ = {
			isa = PBXNativeTarget;
			buildConfigurationList = F5AE85AB29F0209900A1B4E0 /* Build configuration list for PBXNativeTarget "Currency Converter" */;
			buildPhases = (
				F5AE859329F0209800A1B4E0 /* Sources */,
				F5AE859429F0209800A1B4E0 /* Frameworks */,
				F5AE859529F0209800A1B4E0 /* Resources */,
			);
			buildRules = (
			);
			dependencies = (
			);
			name = "Currency Converter";
			productName = "Currency Converter";
			productReference = F5AE859729F0209800A1B4E0 /* Currency Converter.app */;
			productType = "com.apple.product-type.application";
		};
/* End PBXNativeTarget section */

/* Begin PBXProject section */
		F5AE858F29F0209800A1B4E0 /* Project object */ = {
			isa = PBXProject;
			attributes = {
				BuildIndependentTargetsInParallel = 1;
				LastSwiftUpdateCheck = 1430;
				LastUpgradeCheck = 1430;
				TargetAttributes = {
					F5AE859629F0209800A1B4E0 = {
						CreatedOnToolsVersion = 14.3;
					};
				};
			};
			buildConfigurationList = F5AE859229F0209800A1B4E0 /* Build configuration list for PBXProject "Currency Converter" */;
			compatibilityVersion = "Xcode 14.0";
			developmentRegion = en;
			hasScannedForEncodings = 0;
			knownRegions = (
				en,
				Base,
			);
			mainGroup = F5AE858E29F0209800A1B4E0;
			productRefGroup = F5AE859829F0209800A1B4E0 /* Products */;
			projectDirPath = "";
			projectRoot = "";
			targets = (
				F5AE859629F0209800A1B4E0 /* Currency Converter */,
			);
		};
/* End PBXProject section */

/* Begin PBXResourcesBuildPhase section */
		F5AE859529F0209800A1B4E0 /* Resources */ = {
			isa = PBXResourcesBuildPhase;
			buildActionMask = 2147483647;
			files = (
				F552E75B29F3FD5B00F652E7 /* Lato-Light.ttf in Resources */,
				F5AE85AF29F020D400A1B4E0 /* .gitignore in Resources */,
				F5AE85A729F0209900A1B4E0 /* LaunchScreen.storyboard in Resources */,
				F552E76629F42DF200F652E7 /* Lato-Regular.ttf in Resources */,
				F5AE85A429F0209900A1B4E0 /* Assets.xcassets in Resources */,
				F5AE85A229F0209800A1B4E0 /* Main.storyboard in Resources */,
				F552E76029F3FD5B00F652E7 /* Lato-Black.ttf in Resources */,
				F552E75E29F3FD5B00F652E7 /* Lato-Bold.ttf in Resources */,
			);
			runOnlyForDeploymentPostprocessing = 0;
		};
/* End PBXResourcesBuildPhase section */

/* Begin PBXSourcesBuildPhase section */
		F5AE859329F0209800A1B4E0 /* Sources */ = {
			isa = PBXSourcesBuildPhase;
			buildActionMask = 2147483647;
			files = (
				F5ADFA4B29F96249004C539D /* CurrenciesData.swift in Sources */,
				F5ADFA4F29F96C8B004C539D /* Constants.swift in Sources */,
				F5AE859F29F0209800A1B4E0 /* MainViewController.swift in Sources */,
				F5AE859B29F0209800A1B4E0 /* AppDelegate.swift in Sources */,
				F5AE85B729F0412F00A1B4E0 /* EllipseView.swift in Sources */,
				F54C0DB629F67AC500E2D1E9 /* AddCurrencyTableVC.swift in Sources */,
				F5ADFA4D29F96C2A004C539D /* CurrencyNetworkManager.swift in Sources */,
				F5A370AC29F13D790066BFBD /* MainWindowView.swift in Sources */,
				F504FB1929F2C77E00E58C11 /* MainTableViewCell.swift in Sources */,
				F54C0DB829F6C69400E2D1E9 /* Currency.swift in Sources */,
				F5AE859D29F0209800A1B4E0 /* SceneDelegate.swift in Sources */,
			);
			runOnlyForDeploymentPostprocessing = 0;
		};
/* End PBXSourcesBuildPhase section */

/* Begin PBXVariantGroup section */
		F5AE85A029F0209800A1B4E0 /* Main.storyboard */ = {
			isa = PBXVariantGroup;
			children = (
				F5AE85A129F0209800A1B4E0 /* Base */,
			);
			name = Main.storyboard;
			sourceTree = "<group>";
		};
		F5AE85A529F0209900A1B4E0 /* LaunchScreen.storyboard */ = {
			isa = PBXVariantGroup;
			children = (
				F5AE85A629F0209900A1B4E0 /* Base */,
			);
			name = LaunchScreen.storyboard;
			sourceTree = "<group>";
		};
/* End PBXVariantGroup section */

/* Begin XCBuildConfiguration section */
		F5AE85A929F0209900A1B4E0 /* Debug */ = {
			isa = XCBuildConfiguration;
			buildSettings = {
				ALWAYS_SEARCH_USER_PATHS = NO;
				CLANG_ANALYZER_NONNULL = YES;
				CLANG_ANALYZER_NUMBER_OBJECT_CONVERSION = YES_AGGRESSIVE;
				CLANG_CXX_LANGUAGE_STANDARD = "gnu++20";
				CLANG_ENABLE_MODULES = YES;
				CLANG_ENABLE_OBJC_ARC = YES;
				CLANG_ENABLE_OBJC_WEAK = YES;
				CLANG_WARN_BLOCK_CAPTURE_AUTORELEASING = YES;
				CLANG_WARN_BOOL_CONVERSION = YES;
				CLANG_WARN_COMMA = YES;
				CLANG_WARN_CONSTANT_CONVERSION = YES;
				CLANG_WARN_DEPRECATED_OBJC_IMPLEMENTATIONS = YES;
				CLANG_WARN_DIRECT_OBJC_ISA_USAGE = YES_ERROR;
				CLANG_WARN_DOCUMENTATION_COMMENTS = YES;
				CLANG_WARN_EMPTY_BODY = YES;
				CLANG_WARN_ENUM_CONVERSION = YES;
				CLANG_WARN_INFINITE_RECURSION = YES;
				CLANG_WARN_INT_CONVERSION = YES;
				CLANG_WARN_NON_LITERAL_NULL_CONVERSION = YES;
				CLANG_WARN_OBJC_IMPLICIT_RETAIN_SELF = YES;
				CLANG_WARN_OBJC_LITERAL_CONVERSION = YES;
				CLANG_WARN_OBJC_ROOT_CLASS = YES_ERROR;
				CLANG_WARN_QUOTED_INCLUDE_IN_FRAMEWORK_HEADER = YES;
				CLANG_WARN_RANGE_LOOP_ANALYSIS = YES;
				CLANG_WARN_STRICT_PROTOTYPES = YES;
				CLANG_WARN_SUSPICIOUS_MOVE = YES;
				CLANG_WARN_UNGUARDED_AVAILABILITY = YES_AGGRESSIVE;
				CLANG_WARN_UNREACHABLE_CODE = YES;
				CLANG_WARN__DUPLICATE_METHOD_MATCH = YES;
				COPY_PHASE_STRIP = NO;
				DEBUG_INFORMATION_FORMAT = dwarf;
				ENABLE_STRICT_OBJC_MSGSEND = YES;
				ENABLE_TESTABILITY = YES;
				GCC_C_LANGUAGE_STANDARD = gnu11;
				GCC_DYNAMIC_NO_PIC = NO;
				GCC_NO_COMMON_BLOCKS = YES;
				GCC_OPTIMIZATION_LEVEL = 0;
				GCC_PREPROCESSOR_DEFINITIONS = (
					"DEBUG=1",
					"$(inherited)",
				);
				GCC_WARN_64_TO_32_BIT_CONVERSION = YES;
				GCC_WARN_ABOUT_RETURN_TYPE = YES_ERROR;
				GCC_WARN_UNDECLARED_SELECTOR = YES;
				GCC_WARN_UNINITIALIZED_AUTOS = YES_AGGRESSIVE;
				GCC_WARN_UNUSED_FUNCTION = YES;
				GCC_WARN_UNUSED_VARIABLE = YES;
				IPHONEOS_DEPLOYMENT_TARGET = 14.0;
				MTL_ENABLE_DEBUG_INFO = INCLUDE_SOURCE;
				MTL_FAST_MATH = YES;
				ONLY_ACTIVE_ARCH = YES;
				SDKROOT = iphoneos;
				SWIFT_ACTIVE_COMPILATION_CONDITIONS = DEBUG;
				SWIFT_OPTIMIZATION_LEVEL = "-Onone";
			};
			name = Debug;
		};
		F5AE85AA29F0209900A1B4E0 /* Release */ = {
			isa = XCBuildConfiguration;
			buildSettings = {
				ALWAYS_SEARCH_USER_PATHS = NO;
				CLANG_ANALYZER_NONNULL = YES;
				CLANG_ANALYZER_NUMBER_OBJECT_CONVERSION = YES_AGGRESSIVE;
				CLANG_CXX_LANGUAGE_STANDARD = "gnu++20";
				CLANG_ENABLE_MODULES = YES;
				CLANG_ENABLE_OBJC_ARC = YES;
				CLANG_ENABLE_OBJC_WEAK = YES;
				CLANG_WARN_BLOCK_CAPTURE_AUTORELEASING = YES;
				CLANG_WARN_BOOL_CONVERSION = YES;
				CLANG_WARN_COMMA = YES;
				CLANG_WARN_CONSTANT_CONVERSION = YES;
				CLANG_WARN_DEPRECATED_OBJC_IMPLEMENTATIONS = YES;
				CLANG_WARN_DIRECT_OBJC_ISA_USAGE = YES_ERROR;
				CLANG_WARN_DOCUMENTATION_COMMENTS = YES;
				CLANG_WARN_EMPTY_BODY = YES;
				CLANG_WARN_ENUM_CONVERSION = YES;
				CLANG_WARN_INFINITE_RECURSION = YES;
				CLANG_WARN_INT_CONVERSION = YES;
				CLANG_WARN_NON_LITERAL_NULL_CONVERSION = YES;
				CLANG_WARN_OBJC_IMPLICIT_RETAIN_SELF = YES;
				CLANG_WARN_OBJC_LITERAL_CONVERSION = YES;
				CLANG_WARN_OBJC_ROOT_CLASS = YES_ERROR;
				CLANG_WARN_QUOTED_INCLUDE_IN_FRAMEWORK_HEADER = YES;
				CLANG_WARN_RANGE_LOOP_ANALYSIS = YES;
				CLANG_WARN_STRICT_PROTOTYPES = YES;
				CLANG_WARN_SUSPICIOUS_MOVE = YES;
				CLANG_WARN_UNGUARDED_AVAILABILITY = YES_AGGRESSIVE;
				CLANG_WARN_UNREACHABLE_CODE = YES;
				CLANG_WARN__DUPLICATE_METHOD_MATCH = YES;
				COPY_PHASE_STRIP = NO;
				DEBUG_INFORMATION_FORMAT = "dwarf-with-dsym";
				ENABLE_NS_ASSERTIONS = NO;
				ENABLE_STRICT_OBJC_MSGSEND = YES;
				GCC_C_LANGUAGE_STANDARD = gnu11;
				GCC_NO_COMMON_BLOCKS = YES;
				GCC_WARN_64_TO_32_BIT_CONVERSION = YES;
				GCC_WARN_ABOUT_RETURN_TYPE = YES_ERROR;
				GCC_WARN_UNDECLARED_SELECTOR = YES;
				GCC_WARN_UNINITIALIZED_AUTOS = YES_AGGRESSIVE;
				GCC_WARN_UNUSED_FUNCTION = YES;
				GCC_WARN_UNUSED_VARIABLE = YES;
				IPHONEOS_DEPLOYMENT_TARGET = 14.0;
				MTL_ENABLE_DEBUG_INFO = NO;
				MTL_FAST_MATH = YES;
				SDKROOT = iphoneos;
				SWIFT_COMPILATION_MODE = wholemodule;
				SWIFT_OPTIMIZATION_LEVEL = "-O";
				VALIDATE_PRODUCT = YES;
			};
			name = Release;
		};
		F5AE85AC29F0209900A1B4E0 /* Debug */ = {
			isa = XCBuildConfiguration;
			buildSettings = {
				ASSETCATALOG_COMPILER_APPICON_NAME = AppIcon;
				ASSETCATALOG_COMPILER_GLOBAL_ACCENT_COLOR_NAME = AccentColor;
				CODE_SIGN_STYLE = Automatic;
				CURRENT_PROJECT_VERSION = 1;
				DEVELOPMENT_TEAM = VQ3NGD79KV;
				GENERATE_INFOPLIST_FILE = YES;
				INFOPLIST_FILE = "Currency Converter/Supporting Files/Info.plist";
				INFOPLIST_KEY_CFBundleDisplayName = "Currency Converter";
				INFOPLIST_KEY_LSApplicationCategoryType = "public.app-category.finance";
				INFOPLIST_KEY_UIApplicationSupportsIndirectInputEvents = YES;
				INFOPLIST_KEY_UILaunchStoryboardName = LaunchScreen;
				INFOPLIST_KEY_UIMainStoryboardFile = Main;
				INFOPLIST_KEY_UISupportedInterfaceOrientations_iPad = "UIInterfaceOrientationPortrait UIInterfaceOrientationPortraitUpsideDown UIInterfaceOrientationLandscapeLeft UIInterfaceOrientationLandscapeRight";
				INFOPLIST_KEY_UISupportedInterfaceOrientations_iPhone = "UIInterfaceOrientationPortrait UIInterfaceOrientationLandscapeLeft UIInterfaceOrientationLandscapeRight";
				IPHONEOS_DEPLOYMENT_TARGET = 14.0;
				LD_RUNPATH_SEARCH_PATHS = (
					"$(inherited)",
					"@executable_path/Frameworks",
				);
				MARKETING_VERSION = 1.0;
				PRODUCT_BUNDLE_IDENTIFIER = "com.vladyslavpetrenko.Currency-Converter";
				PRODUCT_NAME = "$(TARGET_NAME)";
				SWIFT_EMIT_LOC_STRINGS = YES;
				SWIFT_VERSION = 5.0;
				TARGETED_DEVICE_FAMILY = "1,2";
			};
			name = Debug;
		};
		F5AE85AD29F0209900A1B4E0 /* Release */ = {
			isa = XCBuildConfiguration;
			buildSettings = {
				ASSETCATALOG_COMPILER_APPICON_NAME = AppIcon;
				ASSETCATALOG_COMPILER_GLOBAL_ACCENT_COLOR_NAME = AccentColor;
				CODE_SIGN_STYLE = Automatic;
				CURRENT_PROJECT_VERSION = 1;
				DEVELOPMENT_TEAM = VQ3NGD79KV;
				GENERATE_INFOPLIST_FILE = YES;
				INFOPLIST_FILE = "Currency Converter/Supporting Files/Info.plist";
				INFOPLIST_KEY_CFBundleDisplayName = "Currency Converter";
				INFOPLIST_KEY_LSApplicationCategoryType = "public.app-category.finance";
				INFOPLIST_KEY_UIApplicationSupportsIndirectInputEvents = YES;
				INFOPLIST_KEY_UILaunchStoryboardName = LaunchScreen;
				INFOPLIST_KEY_UIMainStoryboardFile = Main;
				INFOPLIST_KEY_UISupportedInterfaceOrientations_iPad = "UIInterfaceOrientationPortrait UIInterfaceOrientationPortraitUpsideDown UIInterfaceOrientationLandscapeLeft UIInterfaceOrientationLandscapeRight";
				INFOPLIST_KEY_UISupportedInterfaceOrientations_iPhone = "UIInterfaceOrientationPortrait UIInterfaceOrientationLandscapeLeft UIInterfaceOrientationLandscapeRight";
				IPHONEOS_DEPLOYMENT_TARGET = 14.0;
				LD_RUNPATH_SEARCH_PATHS = (
					"$(inherited)",
					"@executable_path/Frameworks",
				);
				MARKETING_VERSION = 1.0;
				PRODUCT_BUNDLE_IDENTIFIER = "com.vladyslavpetrenko.Currency-Converter";
				PRODUCT_NAME = "$(TARGET_NAME)";
				SWIFT_EMIT_LOC_STRINGS = YES;
				SWIFT_VERSION = 5.0;
				TARGETED_DEVICE_FAMILY = "1,2";
			};
			name = Release;
		};
/* End XCBuildConfiguration section */

/* Begin XCConfigurationList section */
		F5AE859229F0209800A1B4E0 /* Build configuration list for PBXProject "Currency Converter" */ = {
			isa = XCConfigurationList;
			buildConfigurations = (
				F5AE85A929F0209900A1B4E0 /* Debug */,
				F5AE85AA29F0209900A1B4E0 /* Release */,
			);
			defaultConfigurationIsVisible = 0;
			defaultConfigurationName = Release;
		};
		F5AE85AB29F0209900A1B4E0 /* Build configuration list for PBXNativeTarget "Currency Converter" */ = {
			isa = XCConfigurationList;
			buildConfigurations = (
				F5AE85AC29F0209900A1B4E0 /* Debug */,
				F5AE85AD29F0209900A1B4E0 /* Release */,
			);
			defaultConfigurationIsVisible = 0;
			defaultConfigurationName = Release;
		};
/* End XCConfigurationList section */
	};
	rootObject = F5AE858F29F0209800A1B4E0 /* Project object */;
}
